
Microsoft Visual Studio Solution File, Format Version 12.00
# Visual Studio Version 17
VisualStudioVersion = 17.7.34024.191
MinimumVisualStudioVersion = 10.0.40219.1
Project("{FAE04EC0-301F-11D3-BF4B-00C04F79EFBC}") = "dolgozok_adatainak_lekerese", "dolgozok_adatainak_lekerese\dolgozok_adatainak_lekerese.csproj", "{65D10C62-DEB5-4639-9EB9-B60ECDE4C319}"
EndProject
Global
	GlobalSection(SolutionConfigurationPlatforms) = preSolution
		Debug|Any CPU = Debug|Any CPU
		Release|Any CPU = Release|Any CPU
	EndGlobalSection
	GlobalSection(ProjectConfigurationPlatforms) = postSolution
		{65D10C62-DEB5-4639-9EB9-B60ECDE4C319}.Debug|Any CPU.ActiveCfg = Debug|Any CPU
		{65D10C62-DEB5-4639-9EB9-B60ECDE4C319}.Debug|Any CPU.Build.0 = Debug|Any CPU
		{65D10C62-DEB5-4639-9EB9-B60ECDE4C319}.Release|Any CPU.ActiveCfg = Release|Any CPU
		{65D10C62-DEB5-4639-9EB9-B60ECDE4C319}.Release|Any CPU.Build.0 = Release|Any CPU
	EndGlobalSection
	GlobalSection(SolutionProperties) = preSolution
		HideSolutionNode = FALSE
	EndGlobalSection
	GlobalSection(ExtensibilityGlobals) = postSolution
		SolutionGuid = {B837FB48-9951-4092-B32A-3F02BB58825D}
	EndGlobalSection
EndGlobal
